version = 1
revision = 3
requires-python = ">=3.13"

[[package]]
name = "nats-message-broker"
version = "0.1.0"
source = { virtual = "." }
dependencies = [
    { name = "nats-py" },
]

[package.metadata]
requires-dist = [{ name = "nats-py", specifier = ">=2.15.0" }]

[[package]]
name = "nats-py"
version = "2.15.0"
source = { registry = "https://pypi.org/simple" }
sdist = { url = "https://files.pythonhosted.org/packages/02/f0/fc5e93f2b0dd14a202590ad9d30eda1955ea872039b5204357348d0f4b1e/nats_py-2.15.0.tar.gz", hash = "sha256:6622c547d9a7d2313d9c147d46c386188f4ec2c7b5c9f9a0438a4d1b55f54a93", size = 75995, upload-time = "2026-06-05T07:34:03.904Z" }
wheels = [
    { url = "https://files.pythonhosted.org/packages/db/a8/b55606c7c621fb813c8ec78baf201d2c78bf6051091ec0c7ada572999e95/nats_py-2.15.0-py3-none-any.whl", hash = "sha256:9f8d36aa52a9926a88b8f1d70cf1fdce0ad387941479b500ee9ab3e51073cefd", size = 90334, upload-time = "2026-06-05T07:34:02.81Z" },
]
